// !$*UTF8*$!
{
	archiveVersion = 1;
	classes = {
	};
	objectVersion = 50;
	objects = {

/* Begin PBXBuildFile section */
		2A7F58EC20B5CBBD00E03497 /* AppDelegate.swift in Sources */ = {isa = PBXBuildFile; fileRef = 2A7F58EB20B5CBBD00E03497 /* AppDelegate.swift */; };
		2A7F58EE20B5CBBD00E03497 /* ViewController.swift in Sources */ = {isa = PBXBuildFile; fileRef = 2A7F58ED20B5CBBD00E03497 /* ViewController.swift */; };
		2A7F58F120B5CBBD00E03497 /* Main.storyboard in Resources */ = {isa = PBXBuildFile; fileRef = 2A7F58EF20B5CBBD00E03497 /* Main.storyboard */; };
		2A7F58F420B5CBBD00E03497 /* SwipeEnglish.xcdatamodeld in Sources */ = {isa = PBXBuildFile; fileRef = 2A7F58F220B5CBBD00E03497 /* SwipeEnglish.xcdatamodeld */; };
		2A7F58F620B5CBBE00E03497 /* Assets.xcassets in Resources */ = {isa = PBXBuildFile; fileRef = 2A7F58F520B5CBBE00E03497 /* Assets.xcassets */; };
		2A7F58F920B5CBBE00E03497 /* LaunchScreen.storyboard in Resources */ = {isa = PBXBuildFile; fileRef = 2A7F58F720B5CBBE00E03497 /* LaunchScreen.storyboard */; };
		2A7F590420B5CBBE00E03497 /* SwipeEnglishTests.swift in Sources */ = {isa = PBXBuildFile; fileRef = 2A7F590320B5CBBE00E03497 /* SwipeEnglishTests.swift */; };
		2A7F590F20B5CBBE00E03497 /* SwipeEnglishUITests.swift in Sources */ = {isa = PBXBuildFile; fileRef = 2A7F590E20B5CBBE00E03497 /* SwipeEnglishUITests.swift */; };
/* End PBXBuildFile section */

/* Begin PBXContainerItemProxy section */
		2A7F590020B5CBBE00E03497 /* PBXContainerItemProxy */ = {
			isa = PBXContainerItemProxy;
			containerPortal = 2A7F58E020B5CBBD00E03497 /* Project object */;
			proxyType = 1;
			remoteGlobalIDString = 2A7F58E720B5CBBD00E03497;
			remoteInfo = SwipeEnglish;
		};
		2A7F590B20B5CBBE00E03497 /* PBXContainerItemProxy */ = {
			isa = PBXContainerItemProxy;
			containerPortal = 2A7F58E020B5CBBD00E03497 /* Project object */;
			proxyType = 1;
			remoteGlobalIDString = 2A7F58E720B5CBBD00E03497;
			remoteInfo = SwipeEnglish;
		};
/* End PBXContainerItemProxy section */

/* Begin PBXFileReference section */
		2A7F58E820B5CBBD00E03497 /* SwipeEnglish.app */ = {isa = PBXFileReference; explicitFileType = wrapper.application; includeInIndex = 0; path = SwipeEnglish.app; sourceTree = BUILT_PRODUCTS_DIR; };
		2A7F58EB20B5CBBD00E03497 /* AppDelegate.swift */ = {isa = PBXFileReference; lastKnownFileType = sourcecode.swift; path = AppDelegate.swift; sourceTree = "<group>"; };
		2A7F58ED20B5CBBD00E03497 /* ViewController.swift */ = {isa = PBXFileReference; lastKnownFileType = sourcecode.swift; path = ViewController.swift; sourceTree = "<group>"; };
		2A7F58F020B5CBBD00E03497 /* Base */ = {isa = PBXFileReference; lastKnownFileType = file.storyboard; name = Base; path = Base.lproj/Main.storyboard; sourceTree = "<group>"; };
		2A7F58F320B5CBBD00E03497 /* SwipeEnglish.xcdatamodel */ = {isa = PBXFileReference; lastKnownFileType = wrapper.xcdatamodel; path = SwipeEnglish.xcdatamodel; sourceTree = "<group>"; };
		2A7F58F520B5CBBE00E03497 /* Assets.xcassets */ = {isa = PBXFileReference; lastKnownFileType = folder.assetcatalog; path = Assets.xcassets; sourceTree = "<group>"; };
		2A7F58F820B5CBBE00E03497 /* Base */ = {isa = PBXFileReference; lastKnownFileType = file.storyboard; name = Base; path = Base.lproj/LaunchScreen.storyboard; sourceTree = "<group>"; };
		2A7F58FA20B5CBBE00E03497 /* Info.plist */ = {isa = PBXFileReference; lastKnownFileType = text.plist.xml; path = Info.plist; sourceTree = "<group>"; };
		2A7F58FF20B5CBBE00E03497 /* SwipeEnglishTests.xctest */ = {isa = PBXFileReference; explicitFileType = wrapper.cfbundle; includeInIndex = 0; path = SwipeEnglishTests.xctest; sourceTree = BUILT_PRODUCTS_DIR; };
		2A7F590320B5CBBE00E03497 /* SwipeEnglishTests.swift */ = {isa = PBXFileReference; lastKnownFileType = sourcecode.swift; path = SwipeEnglishTests.swift; sourceTree = "<group>"; };
		2A7F590520B5CBBE00E03497 /* Info.plist */ = {isa = PBXFileReference; lastKnownFileType = text.plist.xml; path = Info.plist; sourceTree = "<group>"; };
		2A7F590A20B5CBBE00E03497 /* SwipeEnglishUITests.xctest */ = {isa = PBXFileReference; explicitFileType = wrapper.cfbundle; includeInIndex = 0; path = SwipeEnglishUITests.xctest; sourceTree = BUILT_PRODUCTS_DIR; };
		2A7F590E20B5CBBE00E03497 /* SwipeEnglishUITests.swift */ = {isa = PBXFileReference; lastKnownFileType = sourcecode.swift; path = SwipeEnglishUITests.swift; sourceTree = "<group>"; };
		2A7F591020B5CBBE00E03497 /* Info.plist */ = {isa = PBXFileReference; lastKnownFileType = text.plist.xml; path = Info.plist; sourceTree = "<group>"; };
/* End PBXFileReference section */

/* Begin PBXFrameworksBuildPhase section */
		2A7F58E520B5CBBD00E03497 /* Frameworks */ = {
			isa = PBXFrameworksBuildPhase;
			buildActionMask = 2147483647;
			files = (
			);
			runOnlyForDeploymentPostprocessing = 0;
		};
		2A7F58FC20B5CBBE00E03497 /* Frameworks */ = {
			isa = PBXFrameworksBuildPhase;
			buildActionMask = 2147483647;
			files = (
			);
			runOnlyForDeploymentPostprocessing = 0;
		};
		2A7F590720B5CBBE00E03497 /* Frameworks */ = {
			isa = PBXFrameworksBuildPhase;
			buildActionMask = 2147483647;
			files = (
			);
			runOnlyForDeploymentPostprocessing = 0;
		};
/* End PBXFrameworksBuildPhase section */

/* Begin PBXGroup section */
		2A7F58DF20B5CBBD00E03497 = {
			isa = PBXGroup;
			children = (
				2A7F58EA20B5CBBD00E03497 /* SwipeEnglish */,
				2A7F590220B5CBBE00E03497 /* SwipeEnglishTests */,
				2A7F590D20B5CBBE00E03497 /* SwipeEnglishUITests */,
				2A7F58E920B5CBBD00E03497 /* Products */,
			);
			sourceTree = "<group>";
		};
		2A7F58E920B5CBBD00E03497 /* Products */ = {
			isa = PBXGroup;
			children = (
				2A7F58E820B5CBBD00E03497 /* SwipeEnglish.app */,
				2A7F58FF20B5CBBE00E03497 /* SwipeEnglishTests.xctest */,
				2A7F590A20B5CBBE00E03497 /* SwipeEnglishUITests.xctest */,
			);
			name = Products;
			sourceTree = "<group>";
		};
		2A7F58EA20B5CBBD00E03497 /* SwipeEnglish */ = {
			isa = PBXGroup;
			children = (
				2A7F58EB20B5CBBD00E03497 /* AppDelegate.swift */,
				2A7F58ED20B5CBBD00E03497 /* ViewController.swift */,
				2A7F58EF20B5CBBD00E03497 /* Main.storyboard */,
				2A7F58F520B5CBBE00E03497 /* Assets.xcassets */,
				2A7F58F720B5CBBE00E03497 /* LaunchScreen.storyboard */,
				2A7F58FA20B5CBBE00E03497 /* Info.plist */,
				2A7F58F220B5CBBD00E03497 /* SwipeEnglish.xcdatamodeld */,
			);
			path = SwipeEnglish;
			sourceTree = "<group>";
		};
		2A7F590220B5CBBE00E03497 /* SwipeEnglishTests */ = {
			isa = PBXGroup;
			children = (
				2A7F590320B5CBBE00E03497 /* SwipeEnglishTests.swift */,
				2A7F590520B5CBBE00E03497 /* Info.plist */,
			);
			path = SwipeEnglishTests;
			sourceTree = "<group>";
		};
		2A7F590D20B5CBBE00E03497 /* SwipeEnglishUITests */ = {
			isa = PBXGroup;
			children = (
				2A7F590E20B5CBBE00E03497 /* SwipeEnglishUITests.swift */,
				2A7F591020B5CBBE00E03497 /* Info.plist */,
			);
			path = SwipeEnglishUITests;
			sourceTree = "<group>";
		};
/* End PBXGroup section */

/* Begin PBXNativeTarget section */
		2A7F58E720B5CBBD00E03497 /* SwipeEnglish */ = {
			isa = PBXNativeTarget;
			buildConfigurationList = 2A7F591320B5CBBE00E03497 /* Build configuration list for PBXNativeTarget "SwipeEnglish" */;
			buildPhases = (
				2A7F58E420B5CBBD00E03497 /* Sources */,
				2A7F58E520B5CBBD00E03497 /* Frameworks */,
				2A7F58E620B5CBBD00E03497 /* Resources */,
			);
			buildRules = (
			);
			dependencies = (
			);
			name = SwipeEnglish;
			productName = SwipeEnglish;
			productReference = 2A7F58E820B5CBBD00E03497 /* SwipeEnglish.app */;
			productType = "com.apple.product-type.application";
		};
		2A7F58FE20B5CBBE00E03497 /* SwipeEnglishTests */ = {
			isa = PBXNativeTarget;
			buildConfigurationList = 2A7F591620B5CBBE00E03497 /* Build configuration list for PBXNativeTarget "SwipeEnglishTests" */;
			buildPhases = (
				2A7F58FB20B5CBBE00E03497 /* Sources */,
				2A7F58FC20B5CBBE00E03497 /* Frameworks */,
				2A7F58FD20B5CBBE00E03497 /* Resources */,
			);
			buildRules = (
			);
			dependencies = (
				2A7F590120B5CBBE00E03497 /* PBXTargetDependency */,
			);
			name = SwipeEnglishTests;
			productName = SwipeEnglishTests;
			productReference = 2A7F58FF20B5CBBE00E03497 /* SwipeEnglishTests.xctest */;
			productType = "com.apple.product-type.bundle.unit-test";
		};
		2A7F590920B5CBBE00E03497 /* SwipeEnglishUITests */ = {
			isa = PBXNativeTarget;
			buildConfigurationList = 2A7F591920B5CBBE00E03497 /* Build configuration list for PBXNativeTarget "SwipeEnglishUITests" */;
			buildPhases = (
				2A7F590620B5CBBE00E03497 /* Sources */,
				2A7F590720B5CBBE00E03497 /* Frameworks */,
				2A7F590820B5CBBE00E03497 /* Resources */,
			);
			buildRules = (
			);
			dependencies = (
				2A7F590C20B5CBBE00E03497 /* PBXTargetDependency */,
			);
			name = SwipeEnglishUITests;
			productName = SwipeEnglishUITests;
			productReference = 2A7F590A20B5CBBE00E03497 /* SwipeEnglishUITests.xctest */;
			productType = "com.apple.product-type.bundle.ui-testing";
		};
/* End PBXNativeTarget section */

/* Begin PBXProject section */
		2A7F58E020B5CBBD00E03497 /* Project object */ = {
			isa = PBXProject;
			attributes = {
				LastSwiftUpdateCheck = 0930;
				LastUpgradeCheck = 0930;
				ORGANIZATIONNAME = "Максим Атюцкий";
				TargetAttributes = {
					2A7F58E720B5CBBD00E03497 = {
						CreatedOnToolsVersion = 9.3.1;
					};
					2A7F58FE20B5CBBE00E03497 = {
						CreatedOnToolsVersion = 9.3.1;
						TestTargetID = 2A7F58E720B5CBBD00E03497;
					};
					2A7F590920B5CBBE00E03497 = {
						CreatedOnToolsVersion = 9.3.1;
						TestTargetID = 2A7F58E720B5CBBD00E03497;
					};
				};
			};
			buildConfigurationList = 2A7F58E320B5CBBD00E03497 /* Build configuration list for PBXProject "SwipeEnglish" */;
			compatibilityVersion = "Xcode 9.3";
			developmentRegion = en;
			hasScannedForEncodings = 0;
			knownRegions = (
				en,
				Base,
			);
			mainGroup = 2A7F58DF20B5CBBD00E03497;
			productRefGroup = 2A7F58E920B5CBBD00E03497 /* Products */;
			projectDirPath = "";
			projectRoot = "";
			targets = (
				2A7F58E720B5CBBD00E03497 /* SwipeEnglish */,
				2A7F58FE20B5CBBE00E03497 /* SwipeEnglishTests */,
				2A7F590920B5CBBE00E03497 /* SwipeEnglishUITests */,
			);
		};
/* End PBXProject section */

/* Begin PBXResourcesBuildPhase section */
		2A7F58E620B5CBBD00E03497 /* Resources */ = {
			isa = PBXResourcesBuildPhase;
			buildActionMask = 2147483647;
			files = (
				2A7F58F920B5CBBE00E03497 /* LaunchScreen.storyboard in Resources */,
				2A7F58F620B5CBBE00E03497 /* Assets.xcassets in Resources */,
				2A7F58F120B5CBBD00E03497 /* Main.storyboard in Resources */,
			);
			runOnlyForDeploymentPostprocessing = 0;
		};
		2A7F58FD20B5CBBE00E03497 /* Resources */ = {
			isa = PBXResourcesBuildPhase;
			buildActionMask = 2147483647;
			files = (
			);
			runOnlyForDeploymentPostprocessing = 0;
		};
		2A7F590820B5CBBE00E03497 /* Resources */ = {
			isa = PBXResourcesBuildPhase;
			buildActionMask = 2147483647;
			files = (
			);
			runOnlyForDeploymentPostprocessing = 0;
		};
/* End PBXResourcesBuildPhase section */

/* Begin PBXSourcesBuildPhase section */
		2A7F58E420B5CBBD00E03497 /* Sources */ = {
			isa = PBXSourcesBuildPhase;
			buildActionMask = 2147483647;
			files = (
				2A7F58EE20B5CBBD00E03497 /* ViewController.swift in Sources */,
				2A7F58EC20B5CBBD00E03497 /* AppDelegate.swift in Sources */,
				2A7F58F420B5CBBD00E03497 /* SwipeEnglish.xcdatamodeld in Sources */,
			);
			runOnlyForDeploymentPostprocessing = 0;
		};
		2A7F58FB20B5CBBE00E03497 /* Sources */ = {
			isa = PBXSourcesBuildPhase;
			buildActionMask = 2147483647;
			files = (
				2A7F590420B5CBBE00E03497 /* SwipeEnglishTests.swift in Sources */,
			);
			runOnlyForDeploymentPostprocessing = 0;
		};
		2A7F590620B5CBBE00E03497 /* Sources */ = {
			isa = PBXSourcesBuildPhase;
			buildActionMask = 2147483647;
			files = (
				2A7F590F20B5CBBE00E03497 /* SwipeEnglishUITests.swift in Sources */,
			);
			runOnlyForDeploymentPostprocessing = 0;
		};
/* End PBXSourcesBuildPhase section */

/* Begin PBXTargetDependency section */
		2A7F590120B5CBBE00E03497 /* PBXTargetDependency */ = {
			isa = PBXTargetDependency;
			target = 2A7F58E720B5CBBD00E03497 /* SwipeEnglish */;
			targetProxy = 2A7F590020B5CBBE00E03497 /* PBXContainerItemProxy */;
		};
		2A7F590C20B5CBBE00E03497 /* PBXTargetDependency */ = {
			isa = PBXTargetDependency;
			target = 2A7F58E720B5CBBD00E03497 /* SwipeEnglish */;
			targetProxy = 2A7F590B20B5CBBE00E03497 /* PBXContainerItemProxy */;
		};
/* End PBXTargetDependency section */

/* Begin PBXVariantGroup section */
		2A7F58EF20B5CBBD00E03497 /* Main.storyboard */ = {
			isa = PBXVariantGroup;
			children = (
				2A7F58F020B5CBBD00E03497 /* Base */,
			);
			name = Main.storyboard;
			sourceTree = "<group>";
		};
		2A7F58F720B5CBBE00E03497 /* LaunchScreen.storyboard */ = {
			isa = PBXVariantGroup;
			children = (
				2A7F58F820B5CBBE00E03497 /* Base */,
			);
			name = LaunchScreen.storyboard;
			sourceTree = "<group>";
		};
/* End PBXVariantGroup section */

/* Begin XCBuildConfiguration section */
		2A7F591120B5CBBE00E03497 /* Debug */ = {
			isa = XCBuildConfiguration;
			buildSettings = {
				ALWAYS_SEARCH_USER_PATHS = NO;
				CLANG_ANALYZER_NONNULL = YES;
				CLANG_ANALYZER_NUMBER_OBJECT_CONVERSION = YES_AGGRESSIVE;
				CLANG_CXX_LANGUAGE_STANDARD = "gnu++14";
				CLANG_CXX_LIBRARY = "libc++";
				CLANG_ENABLE_MODULES = YES;
				CLANG_ENABLE_OBJC_ARC = YES;
				CLANG_ENABLE_OBJC_WEAK = YES;
				CLANG_WARN_BLOCK_CAPTURE_AUTORELEASING = YES;
				CLANG_WARN_BOOL_CONVERSION = YES;
				CLANG_WARN_COMMA = YES;
				CLANG_WARN_CONSTANT_CONVERSION = YES;
				CLANG_WARN_DEPRECATED_OBJC_IMPLEMENTATIONS = YES;
				CLANG_WARN_DIRECT_OBJC_ISA_USAGE = YES_ERROR;
				CLANG_WARN_DOCUMENTATION_COMMENTS = YES;
				CLANG_WARN_EMPTY_BODY = YES;
				CLANG_WARN_ENUM_CONVERSION = YES;
				CLANG_WARN_INFINITE_RECURSION = YES;
				CLANG_WARN_INT_CONVERSION = YES;
				CLANG_WARN_NON_LITERAL_NULL_CONVERSION = YES;
				CLANG_WARN_OBJC_IMPLICIT_RETAIN_SELF = YES;
				CLANG_WARN_OBJC_LITERAL_CONVERSION = YES;
				CLANG_WARN_OBJC_ROOT_CLASS = YES_ERROR;
				CLANG_WARN_RANGE_LOOP_ANALYSIS = YES;
				CLANG_WARN_STRICT_PROTOTYPES = YES;
				CLANG_WARN_SUSPICIOUS_MOVE = YES;
				CLANG_WARN_UNGUARDED_AVAILABILITY = YES_AGGRESSIVE;
				CLANG_WARN_UNREACHABLE_CODE = YES;
				CLANG_WARN__DUPLICATE_METHOD_MATCH = YES;
				CODE_SIGN_IDENTITY = "iPhone Developer";
				COPY_PHASE_STRIP = NO;
				DEBUG_INFORMATION_FORMAT = dwarf;
				ENABLE_STRICT_OBJC_MSGSEND = YES;
				ENABLE_TESTABILITY = YES;
				GCC_C_LANGUAGE_STANDARD = gnu11;
				GCC_DYNAMIC_NO_PIC = NO;
				GCC_NO_COMMON_BLOCKS = YES;
				GCC_OPTIMIZATION_LEVEL = 0;
				GCC_PREPROCESSOR_DEFINITIONS = (
					"DEBUG=1",
					"$(inherited)",
				);
				GCC_WARN_64_TO_32_BIT_CONVERSION = YES;
				GCC_WARN_ABOUT_RETURN_TYPE = YES_ERROR;
				GCC_WARN_UNDECLARED_SELECTOR = YES;
				GCC_WARN_UNINITIALIZED_AUTOS = YES_AGGRESSIVE;
				GCC_WARN_UNUSED_FUNCTION = YES;
				GCC_WARN_UNUSED_VARIABLE = YES;
				IPHONEOS_DEPLOYMENT_TARGET = 11.3;
				MTL_ENABLE_DEBUG_INFO = YES;
				ONLY_ACTIVE_ARCH = YES;
				SDKROOT = iphoneos;
				SWIFT_ACTIVE_COMPILATION_CONDITIONS = DEBUG;
				SWIFT_OPTIMIZATION_LEVEL = "-Onone";
			};
			name = Debug;
		};
		2A7F591220B5CBBE00E03497 /* Release */ = {
			isa = XCBuildConfiguration;
			buildSettings = {
				ALWAYS_SEARCH_USER_PATHS = NO;
				CLANG_ANALYZER_NONNULL = YES;
				CLANG_ANALYZER_NUMBER_OBJECT_CONVERSION = YES_AGGRESSIVE;
				CLANG_CXX_LANGUAGE_STANDARD = "gnu++14";
				CLANG_CXX_LIBRARY = "libc++";
				CLANG_ENABLE_MODULES = YES;
				CLANG_ENABLE_OBJC_ARC = YES;
				CLANG_ENABLE_OBJC_WEAK = YES;
				CLANG_WARN_BLOCK_CAPTURE_AUTORELEASING = YES;
				CLANG_WARN_BOOL_CONVERSION = YES;
				CLANG_WARN_COMMA = YES;
				CLANG_WARN_CONSTANT_CONVERSION = YES;
				CLANG_WARN_DEPRECATED_OBJC_IMPLEMENTATIONS = YES;
				CLANG_WARN_DIRECT_OBJC_ISA_USAGE = YES_ERROR;
				CLANG_WARN_DOCUMENTATION_COMMENTS = YES;
				CLANG_WARN_EMPTY_BODY = YES;
				CLANG_WARN_ENUM_CONVERSION = YES;
				CLANG_WARN_INFINITE_RECURSION = YES;
				CLANG_WARN_INT_CONVERSION = YES;
				CLANG_WARN_NON_LITERAL_NULL_CONVERSION = YES;
				CLANG_WARN_OBJC_IMPLICIT_RETAIN_SELF = YES;
				CLANG_WARN_OBJC_LITERAL_CONVERSION = YES;
				CLANG_WARN_OBJC_ROOT_CLASS = YES_ERROR;
				CLANG_WARN_RANGE_LOOP_ANALYSIS = YES;
				CLANG_WARN_STRICT_PROTOTYPES = YES;
				CLANG_WARN_SUSPICIOUS_MOVE = YES;
				CLANG_WARN_UNGUARDED_AVAILABILITY = YES_AGGRESSIVE;
				CLANG_WARN_UNREACHABLE_CODE = YES;
				CLANG_WARN__DUPLICATE_METHOD_MATCH = YES;
				CODE_SIGN_IDENTITY = "iPhone Developer";
				COPY_PHASE_STRIP = NO;
				DEBUG_INFORMATION_FORMAT = "dwarf-with-dsym";
				ENABLE_NS_ASSERTIONS = NO;
				ENABLE_STRICT_OBJC_MSGSEND = YES;
				GCC_C_LANGUAGE_STANDARD = gnu11;
				GCC_NO_COMMON_BLOCKS = YES;
				GCC_WARN_64_TO_32_BIT_CONVERSION = YES;
				GCC_WARN_ABOUT_RETURN_TYPE = YES_ERROR;
				GCC_WARN_UNDECLARED_SELECTOR = YES;
				GCC_WARN_UNINITIALIZED_AUTOS = YES_AGGRESSIVE;
				GCC_WARN_UNUSED_FUNCTION = YES;
				GCC_WARN_UNUSED_VARIABLE = YES;
				IPHONEOS_DEPLOYMENT_TARGET = 11.3;
				MTL_ENABLE_DEBUG_INFO = NO;
				SDKROOT = iphoneos;
				SWIFT_COMPILATION_MODE = wholemodule;
				SWIFT_OPTIMIZATION_LEVEL = "-O";
				VALIDATE_PRODUCT = YES;
			};
			name = Release;
		};
		2A7F591420B5CBBE00E03497 /* Debug */ = {
			isa = XCBuildConfiguration;
			buildSettings = {
				ASSETCATALOG_COMPILER_APPICON_NAME = AppIcon;
				CODE_SIGN_STYLE = Automatic;
				DEVELOPMENT_TEAM = UDKFK4LHVR;
				INFOPLIST_FILE = SwipeEnglish/Info.plist;
				LD_RUNPATH_SEARCH_PATHS = (
					"$(inherited)",
					"@executable_path/Frameworks",
				);
				PRODUCT_BUNDLE_IDENTIFIER = MaksimAtyutskiy.SwipeEnglish;
				PRODUCT_NAME = "$(TARGET_NAME)";
				SWIFT_VERSION = 4.0;
				TARGETED_DEVICE_FAMILY = "1,2";
			};
			name = Debug;
		};
		2A7F591520B5CBBE00E03497 /* Release */ = {
			isa = XCBuildConfiguration;
			buildSettings = {
				ASSETCATALOG_COMPILER_APPICON_NAME = AppIcon;
				CODE_SIGN_STYLE = Automatic;
				DEVELOPMENT_TEAM = UDKFK4LHVR;
				INFOPLIST_FILE = SwipeEnglish/Info.plist;
				LD_RUNPATH_SEARCH_PATHS = (
					"$(inherited)",
					"@executable_path/Frameworks",
				);
				PRODUCT_BUNDLE_IDENTIFIER = MaksimAtyutskiy.SwipeEnglish;
				PRODUCT_NAME = "$(TARGET_NAME)";
				SWIFT_VERSION = 4.0;
				TARGETED_DEVICE_FAMILY = "1,2";
			};
			name = Release;
		};
		2A7F591720B5CBBE00E03497 /* Debug */ = {
			isa = XCBuildConfiguration;
			buildSettings = {
				ALWAYS_EMBED_SWIFT_STANDARD_LIBRARIES = YES;
				BUNDLE_LOADER = "$(TEST_HOST)";
				CODE_SIGN_STYLE = Automatic;
				DEVELOPMENT_TEAM = UDKFK4LHVR;
				INFOPLIST_FILE = SwipeEnglishTests/Info.plist;
				LD_RUNPATH_SEARCH_PATHS = (
					"$(inherited)",
					"@executable_path/Frameworks",
					"@loader_path/Frameworks",
				);
				PRODUCT_BUNDLE_IDENTIFIER = MaksimAtyutskiy.SwipeEnglishTests;
				PRODUCT_NAME = "$(TARGET_NAME)";
				SWIFT_VERSION = 4.0;
				TARGETED_DEVICE_FAMILY = "1,2";
				TEST_HOST = "$(BUILT_PRODUCTS_DIR)/SwipeEnglish.app/SwipeEnglish";
			};
			name = Debug;
		};
		2A7F591820B5CBBE00E03497 /* Release */ = {
			isa = XCBuildConfiguration;
			buildSettings = {
				ALWAYS_EMBED_SWIFT_STANDARD_LIBRARIES = YES;
				BUNDLE_LOADER = "$(TEST_HOST)";
				CODE_SIGN_STYLE = Automatic;
				DEVELOPMENT_TEAM = UDKFK4LHVR;
				INFOPLIST_FILE = SwipeEnglishTests/Info.plist;
				LD_RUNPATH_SEARCH_PATHS = (
					"$(inherited)",
					"@executable_path/Frameworks",
					"@loader_path/Frameworks",
				);
				PRODUCT_BUNDLE_IDENTIFIER = MaksimAtyutskiy.SwipeEnglishTests;
				PRODUCT_NAME = "$(TARGET_NAME)";
				SWIFT_VERSION = 4.0;
				TARGETED_DEVICE_FAMILY = "1,2";
				TEST_HOST = "$(BUILT_PRODUCTS_DIR)/SwipeEnglish.app/SwipeEnglish";
			};
			name = Release;
		};
		2A7F591A20B5CBBE00E03497 /* Debug */ = {
			isa = XCBuildConfiguration;
			buildSettings = {
				ALWAYS_EMBED_SWIFT_STANDARD_LIBRARIES = YES;
				CODE_SIGN_STYLE = Automatic;
				DEVELOPMENT_TEAM = UDKFK4LHVR;
				INFOPLIST_FILE = SwipeEnglishUITests/Info.plist;
				LD_RUNPATH_SEARCH_PATHS = (
					"$(inherited)",
					"@executable_path/Frameworks",
					"@loader_path/Frameworks",
				);
				PRODUCT_BUNDLE_IDENTIFIER = MaksimAtyutskiy.SwipeEnglishUITests;
				PRODUCT_NAME = "$(TARGET_NAME)";
				SWIFT_VERSION = 4.0;
				TARGETED_DEVICE_FAMILY = "1,2";
				TEST_TARGET_NAME = SwipeEnglish;
			};
			name = Debug;
		};
		2A7F591B20B5CBBE00E03497 /* Release */ = {
			isa = XCBuildConfiguration;
			buildSettings = {
				ALWAYS_EMBED_SWIFT_STANDARD_LIBRARIES = YES;
				CODE_SIGN_STYLE = Automatic;
				DEVELOPMENT_TEAM = UDKFK4LHVR;
				INFOPLIST_FILE = SwipeEnglishUITests/Info.plist;
				LD_RUNPATH_SEARCH_PATHS = (
					"$(inherited)",
					"@executable_path/Frameworks",
					"@loader_path/Frameworks",
				);
				PRODUCT_BUNDLE_IDENTIFIER = MaksimAtyutskiy.SwipeEnglishUITests;
				PRODUCT_NAME = "$(TARGET_NAME)";
				SWIFT_VERSION = 4.0;
				TARGETED_DEVICE_FAMILY = "1,2";
				TEST_TARGET_NAME = SwipeEnglish;
			};
			name = Release;
		};
/* End XCBuildConfiguration section */

/* Begin XCConfigurationList section */
		2A7F58E320B5CBBD00E03497 /* Build configuration list for PBXProject "SwipeEnglish" */ = {
			isa = XCConfigurationList;
			buildConfigurations = (
				2A7F591120B5CBBE00E03497 /* Debug */,
				2A7F591220B5CBBE00E03497 /* Release */,
			);
			defaultConfigurationIsVisible = 0;
			defaultConfigurationName = Release;
		};
		2A7F591320B5CBBE00E03497 /* Build configuration list for PBXNativeTarget "SwipeEnglish" */ = {
			isa = XCConfigurationList;
			buildConfigurations = (
				2A7F591420B5CBBE00E03497 /* Debug */,
				2A7F591520B5CBBE00E03497 /* Release */,
			);
			defaultConfigurationIsVisible = 0;
			defaultConfigurationName = Release;
		};
		2A7F591620B5CBBE00E03497 /* Build configuration list for PBXNativeTarget "SwipeEnglishTests" */ = {
			isa = XCConfigurationList;
			buildConfigurations = (
				2A7F591720B5CBBE00E03497 /* Debug */,
				2A7F591820B5CBBE00E03497 /* Release */,
			);
			defaultConfigurationIsVisible = 0;
			defaultConfigurationName = Release;
		};
		2A7F591920B5CBBE00E03497 /* Build configuration list for PBXNativeTarget "SwipeEnglishUITests" */ = {
			isa = XCConfigurationList;
			buildConfigurations = (
				2A7F591A20B5CBBE00E03497 /* Debug */,
				2A7F591B20B5CBBE00E03497 /* Release */,
			);
			defaultConfigurationIsVisible = 0;
			defaultConfigurationName = Release;
		};
/* End XCConfigurationList section */

/* Begin XCVersionGroup section */
		2A7F58F220B5CBBD00E03497 /* SwipeEnglish.xcdatamodeld */ = {
			isa = XCVersionGroup;
			children = (
				2A7F58F320B5CBBD00E03497 /* SwipeEnglish.xcdatamodel */,
			);
			currentVersion = 2A7F58F320B5CBBD00E03497 /* SwipeEnglish.xcdatamodel */;
			path = SwipeEnglish.xcdatamodeld;
			sourceTree = "<group>";
			versionGroupType = wrapper.xcdatamodel;
		};
/* End XCVersionGroup section */
	};
	rootObject = 2A7F58E020B5CBBD00E03497 /* Project object */;
}
